{
    "_meta": {
        "hash": {
            "sha256": "efcb7d80e5e6b4a6db3820923a506c230bf09e0d06eb70b50481bf7bebf86e0d"
        },
        "pipfile-spec": 6,
        "requires": {
            "python_version": "3.6"
        },
        "sources": [
            {
                "name": "pypi",
                "url": "https://pypi.org/simple",
                "verify_ssl": true
            }
        ]
    },
    "default": {
        "kafka-python": {
            "hashes": [
                "sha256:111a90e54a56182b6b7c4818ee58f984cc427ad8f85fdff59faf45aaeacb51ea",
                "sha256:53083c5c4d3a5b1f021c3c84ee4e772e5d0f7db559f623d8f02432b9a5e87264"
            ],
            "index": "pypi",
            "version": "==2.0.0"
        }
    },
    "develop": {}
}
